
Microsoft Visual Studio Solution File, Format Version 12.00
# Visual Studio 15
VisualStudioVersion = 15.0.28307.902
MinimumVisualStudioVersion = 10.0.40219.1
Project("{FAE04EC0-301F-11D3-BF4B-00C04F79EFBC}") = "NoteBoard.Model", "NoteBoard.Model\NoteBoard.Model.csproj", "{4F352598-FDBD-4644-A3C3-FDF5FD694FB1}"
EndProject
Project("{FAE04EC0-301F-11D3-BF4B-00C04F79EFBC}") = "NoteBoard.DAL", "NoteBoard.DAL\NoteBoard.DAL.csproj", "{C6BEFAD8-3FD7-4898-B26D-1139A5AA924A}"
EndProject
Project("{FAE04EC0-301F-11D3-BF4B-00C04F79EFBC}") = "NoteBoard.BLL", "NoteBoard.BLL\NoteBoard.BLL.csproj", "{DAA55848-46A3-4B80-A709-90439AFA6795}"
EndProject
Project("{FAE04EC0-301F-11D3-BF4B-00C04F79EFBC}") = "NoteBoard.UI.Winform", "NoteBoard.UI.Winform\NoteBoard.UI.Winform.csproj", "{11536B14-6B6D-4B25-BCBA-5F16BF5AEE9F}"
EndProject
Global
	GlobalSection(SolutionConfigurationPlatforms) = preSolution
		Debug|Any CPU = Debug|Any CPU
		Release|Any CPU = Release|Any CPU
	EndGlobalSection
	GlobalSection(ProjectConfigurationPlatforms) = postSolution
		{4F352598-FDBD-4644-A3C3-FDF5FD694FB1}.Debug|Any CPU.ActiveCfg = Debug|Any CPU
		{4F352598-FDBD-4644-A3C3-FDF5FD694FB1}.Debug|Any CPU.Build.0 = Debug|Any CPU
		{4F352598-FDBD-4644-A3C3-FDF5FD694FB1}.Release|Any CPU.ActiveCfg = Release|Any CPU
		{4F352598-FDBD-4644-A3C3-FDF5FD694FB1}.Release|Any CPU.Build.0 = Release|Any CPU
		{C6BEFAD8-3FD7-4898-B26D-1139A5AA924A}.Debug|Any CPU.ActiveCfg = Debug|Any CPU
		{C6BEFAD8-3FD7-4898-B26D-1139A5AA924A}.Debug|Any CPU.Build.0 = Debug|Any CPU
		{C6BEFAD8-3FD7-4898-B26D-1139A5AA924A}.Release|Any CPU.ActiveCfg = Release|Any CPU
		{C6BEFAD8-3FD7-4898-B26D-1139A5AA924A}.Release|Any CPU.Build.0 = Release|Any CPU
		{DAA55848-46A3-4B80-A709-90439AFA6795}.Debug|Any CPU.ActiveCfg = Debug|Any CPU
		{DAA55848-46A3-4B80-A709-90439AFA6795}.Debug|Any CPU.Build.0 = Debug|Any CPU
		{DAA55848-46A3-4B80-A709-90439AFA6795}.Release|Any CPU.ActiveCfg = Release|Any CPU
		{DAA55848-46A3-4B80-A709-90439AFA6795}.Release|Any CPU.Build.0 = Release|Any CPU
		{11536B14-6B6D-4B25-BCBA-5F16BF5AEE9F}.Debug|Any CPU.ActiveCfg = Debug|Any CPU
		{11536B14-6B6D-4B25-BCBA-5F16BF5AEE9F}.Debug|Any CPU.Build.0 = Debug|Any CPU
		{11536B14-6B6D-4B25-BCBA-5F16BF5AEE9F}.Release|Any CPU.ActiveCfg = Release|Any CPU
		{11536B14-6B6D-4B25-BCBA-5F16BF5AEE9F}.Release|Any CPU.Build.0 = Release|Any CPU
	EndGlobalSection
	GlobalSection(SolutionProperties) = preSolution
		HideSolutionNode = FALSE
	EndGlobalSection
	GlobalSection(ExtensibilityGlobals) = postSolution
		SolutionGuid = {5A33B891-043F-4B3B-8379-F15E6DA63BC1}
	EndGlobalSection
EndGlobal
